// !$*UTF8*$!
{
	archiveVersion = 1;
	classes = {
	};
	objectVersion = 50;
	objects = {

/* Begin PBXBuildFile section */
		220429852594BA7400E68C3C /* EingabeTasten.swift in Sources */ = {isa = PBXBuildFile; fileRef = 220429842594BA7400E68C3C /* EingabeTasten.swift */; };
		227E4F7D2593E9FB001DF34F /* CalculatorApp.swift in Sources */ = {isa = PBXBuildFile; fileRef = 227E4F7C2593E9FB001DF34F /* CalculatorApp.swift */; };
		227E4F7F2593E9FB001DF34F /* ContentView.swift in Sources */ = {isa = PBXBuildFile; fileRef = 227E4F7E2593E9FB001DF34F /* ContentView.swift */; };
		227E4F812593E9FC001DF34F /* Assets.xcassets in Resources */ = {isa = PBXBuildFile; fileRef = 227E4F802593E9FC001DF34F /* Assets.xcassets */; };
		227E4F842593E9FC001DF34F /* Preview Assets.xcassets in Resources */ = {isa = PBXBuildFile; fileRef = 227E4F832593E9FC001DF34F /* Preview Assets.xcassets */; };
		227E4F8F2593E9FC001DF34F /* CalculatorTests.swift in Sources */ = {isa = PBXBuildFile; fileRef = 227E4F8E2593E9FC001DF34F /* CalculatorTests.swift */; };
		227E4F9A2593E9FC001DF34F /* CalculatorUITests.swift in Sources */ = {isa = PBXBuildFile; fileRef = 227E4F992593E9FC001DF34F /* CalculatorUITests.swift */; };
/* End PBXBuildFile section */

/* Begin PBXContainerItemProxy section */
		227E4F8B2593E9FC001DF34F /* PBXContainerItemProxy */ = {
			isa = PBXContainerItemProxy;
			containerPortal = 227E4F712593E9FB001DF34F /* Project object */;
			proxyType = 1;
			remoteGlobalIDString = 227E4F782593E9FB001DF34F;
			remoteInfo = Calculator;
		};
		227E4F962593E9FC001DF34F /* PBXContainerItemProxy */ = {
			isa = PBXContainerItemProxy;
			containerPortal = 227E4F712593E9FB001DF34F /* Project object */;
			proxyType = 1;
			remoteGlobalIDString = 227E4F782593E9FB001DF34F;
			remoteInfo = Calculator;
		};
/* End PBXContainerItemProxy section */

/* Begin PBXFileReference section */
		220429842594BA7400E68C3C /* EingabeTasten.swift */ = {isa = PBXFileReference; lastKnownFileType = sourcecode.swift; path = EingabeTasten.swift; sourceTree = SOURCE_ROOT; };
		227E4F792593E9FB001DF34F /* Calculator.app */ = {isa = PBXFileReference; explicitFileType = wrapper.application; includeInIndex = 0; path = Calculator.app; sourceTree = BUILT_PRODUCTS_DIR; };
		227E4F7C2593E9FB001DF34F /* CalculatorApp.swift */ = {isa = PBXFileReference; lastKnownFileType = sourcecode.swift; path = CalculatorApp.swift; sourceTree = "<group>"; };
		227E4F7E2593E9FB001DF34F /* ContentView.swift */ = {isa = PBXFileReference; lastKnownFileType = sourcecode.swift; path = ContentView.swift; sourceTree = "<group>"; };
		227E4F802593E9FC001DF34F /* Assets.xcassets */ = {isa = PBXFileReference; lastKnownFileType = folder.assetcatalog; path = Assets.xcassets; sourceTree = "<group>"; };
		227E4F832593E9FC001DF34F /* Preview Assets.xcassets */ = {isa = PBXFileReference; lastKnownFileType = folder.assetcatalog; path = "Preview Assets.xcassets"; sourceTree = "<group>"; };
		227E4F852593E9FC001DF34F /* Info.plist */ = {isa = PBXFileReference; lastKnownFileType = text.plist.xml; path = Info.plist; sourceTree = "<group>"; };
		227E4F8A2593E9FC001DF34F /* CalculatorTests.xctest */ = {isa = PBXFileReference; explicitFileType = wrapper.cfbundle; includeInIndex = 0; path = CalculatorTests.xctest; sourceTree = BUILT_PRODUCTS_DIR; };
		227E4F8E2593E9FC001DF34F /* CalculatorTests.swift */ = {isa = PBXFileReference; lastKnownFileType = sourcecode.swift; path = CalculatorTests.swift; sourceTree = "<group>"; };
		227E4F902593E9FC001DF34F /* Info.plist */ = {isa = PBXFileReference; lastKnownFileType = text.plist.xml; path = Info.plist; sourceTree = "<group>"; };
		227E4F952593E9FC001DF34F /* CalculatorUITests.xctest */ = {isa = PBXFileReference; explicitFileType = wrapper.cfbundle; includeInIndex = 0; path = CalculatorUITests.xctest; sourceTree = BUILT_PRODUCTS_DIR; };
		227E4F992593E9FC001DF34F /* CalculatorUITests.swift */ = {isa = PBXFileReference; lastKnownFileType = sourcecode.swift; path = CalculatorUITests.swift; sourceTree = "<group>"; };
		227E4F9B2593E9FC001DF34F /* Info.plist */ = {isa = PBXFileReference; lastKnownFileType = text.plist.xml; path = Info.plist; sourceTree = "<group>"; };
/* End PBXFileReference section */

/* Begin PBXFrameworksBuildPhase section */
		227E4F762593E9FB001DF34F /* Frameworks */ = {
			isa = PBXFrameworksBuildPhase;
			buildActionMask = 2147483647;
			files = (
			);
			runOnlyForDeploymentPostprocessing = 0;
		};
		227E4F872593E9FC001DF34F /* Frameworks */ = {
			isa = PBXFrameworksBuildPhase;
			buildActionMask = 2147483647;
			files = (
			);
			runOnlyForDeploymentPostprocessing = 0;
		};
		227E4F922593E9FC001DF34F /* Frameworks */ = {
			isa = PBXFrameworksBuildPhase;
			buildActionMask = 2147483647;
			files = (
			);
			runOnlyForDeploymentPostprocessing = 0;
		};
/* End PBXFrameworksBuildPhase section */

/* Begin PBXGroup section */
		227E4F702593E9FB001DF34F = {
			isa = PBXGroup;
			children = (
				227E4F7B2593E9FB001DF34F /* Calculator */,
				227E4F8D2593E9FC001DF34F /* CalculatorTests */,
				227E4F982593E9FC001DF34F /* CalculatorUITests */,
				227E4F7A2593E9FB001DF34F /* Products */,
			);
			sourceTree = "<group>";
		};
		227E4F7A2593E9FB001DF34F /* Products */ = {
			isa = PBXGroup;
			children = (
				227E4F792593E9FB001DF34F /* Calculator.app */,
				227E4F8A2593E9FC001DF34F /* CalculatorTests.xctest */,
				227E4F952593E9FC001DF34F /* CalculatorUITests.xctest */,
			);
			name = Products;
			sourceTree = "<group>";
		};
		227E4F7B2593E9FB001DF34F /* Calculator */ = {
			isa = PBXGroup;
			children = (
				227E4FAA2593EB55001DF34F /* HelpViews */,
				227E4F7C2593E9FB001DF34F /* CalculatorApp.swift */,
				227E4F7E2593E9FB001DF34F /* ContentView.swift */,
				227E4F802593E9FC001DF34F /* Assets.xcassets */,
				227E4F852593E9FC001DF34F /* Info.plist */,
				227E4F822593E9FC001DF34F /* Preview Content */,
			);
			path = Calculator;
			sourceTree = "<group>";
		};
		227E4F822593E9FC001DF34F /* Preview Content */ = {
			isa = PBXGroup;
			children = (
				227E4F832593E9FC001DF34F /* Preview Assets.xcassets */,
			);
			path = "Preview Content";
			sourceTree = "<group>";
		};
		227E4F8D2593E9FC001DF34F /* CalculatorTests */ = {
			isa = PBXGroup;
			children = (
				227E4F8E2593E9FC001DF34F /* CalculatorTests.swift */,
				227E4F902593E9FC001DF34F /* Info.plist */,
			);
			path = CalculatorTests;
			sourceTree = "<group>";
		};
		227E4F982593E9FC001DF34F /* CalculatorUITests */ = {
			isa = PBXGroup;
			children = (
				227E4F992593E9FC001DF34F /* CalculatorUITests.swift */,
				227E4F9B2593E9FC001DF34F /* Info.plist */,
			);
			path = CalculatorUITests;
			sourceTree = "<group>";
		};
		227E4FAA2593EB55001DF34F /* HelpViews */ = {
			isa = PBXGroup;
			children = (
				220429842594BA7400E68C3C /* EingabeTasten.swift */,
			);
			path = HelpViews;
			sourceTree = "<group>";
		};
/* End PBXGroup section */

/* Begin PBXNativeTarget section */
		227E4F782593E9FB001DF34F /* Calculator */ = {
			isa = PBXNativeTarget;
			buildConfigurationList = 227E4F9E2593E9FC001DF34F /* Build configuration list for PBXNativeTarget "Calculator" */;
			buildPhases = (
				227E4F752593E9FB001DF34F /* Sources */,
				227E4F762593E9FB001DF34F /* Frameworks */,
				227E4F772593E9FB001DF34F /* Resources */,
			);
			buildRules = (
			);
			dependencies = (
			);
			name = Calculator;
			productName = Calculator;
			productReference = 227E4F792593E9FB001DF34F /* Calculator.app */;
			productType = "com.apple.product-type.application";
		};
		227E4F892593E9FC001DF34F /* CalculatorTests */ = {
			isa = PBXNativeTarget;
			buildConfigurationList = 227E4FA12593E9FC001DF34F /* Build configuration list for PBXNativeTarget "CalculatorTests" */;
			buildPhases = (
				227E4F862593E9FC001DF34F /* Sources */,
				227E4F872593E9FC001DF34F /* Frameworks */,
				227E4F882593E9FC001DF34F /* Resources */,
			);
			buildRules = (
			);
			dependencies = (
				227E4F8C2593E9FC001DF34F /* PBXTargetDependency */,
			);
			name = CalculatorTests;
			productName = CalculatorTests;
			productReference = 227E4F8A2593E9FC001DF34F /* CalculatorTests.xctest */;
			productType = "com.apple.product-type.bundle.unit-test";
		};
		227E4F942593E9FC001DF34F /* CalculatorUITests */ = {
			isa = PBXNativeTarget;
			buildConfigurationList = 227E4FA42593E9FC001DF34F /* Build configuration list for PBXNativeTarget "CalculatorUITests" */;
			buildPhases = (
				227E4F912593E9FC001DF34F /* Sources */,
				227E4F922593E9FC001DF34F /* Frameworks */,
				227E4F932593E9FC001DF34F /* Resources */,
			);
			buildRules = (
			);
			dependencies = (
				227E4F972593E9FC001DF34F /* PBXTargetDependency */,
			);
			name = CalculatorUITests;
			productName = CalculatorUITests;
			productReference = 227E4F952593E9FC001DF34F /* CalculatorUITests.xctest */;
			productType = "com.apple.product-type.bundle.ui-testing";
		};
/* End PBXNativeTarget section */

/* Begin PBXProject section */
		227E4F712593E9FB001DF34F /* Project object */ = {
			isa = PBXProject;
			attributes = {
				LastSwiftUpdateCheck = 1230;
				LastUpgradeCheck = 1230;
				TargetAttributes = {
					227E4F782593E9FB001DF34F = {
						CreatedOnToolsVersion = 12.3;
					};
					227E4F892593E9FC001DF34F = {
						CreatedOnToolsVersion = 12.3;
						TestTargetID = 227E4F782593E9FB001DF34F;
					};
					227E4F942593E9FC001DF34F = {
						CreatedOnToolsVersion = 12.3;
						TestTargetID = 227E4F782593E9FB001DF34F;
					};
				};
			};
			buildConfigurationList = 227E4F742593E9FB001DF34F /* Build configuration list for PBXProject "Calculator" */;
			compatibilityVersion = "Xcode 9.3";
			developmentRegion = en;
			hasScannedForEncodings = 0;
			knownRegions = (
				en,
				Base,
			);
			mainGroup = 227E4F702593E9FB001DF34F;
			productRefGroup = 227E4F7A2593E9FB001DF34F /* Products */;
			projectDirPath = "";
			projectRoot = "";
			targets = (
				227E4F782593E9FB001DF34F /* Calculator */,
				227E4F892593E9FC001DF34F /* CalculatorTests */,
				227E4F942593E9FC001DF34F /* CalculatorUITests */,
			);
		};
/* End PBXProject section */

/* Begin PBXResourcesBuildPhase section */
		227E4F772593E9FB001DF34F /* Resources */ = {
			isa = PBXResourcesBuildPhase;
			buildActionMask = 2147483647;
			files = (
				227E4F842593E9FC001DF34F /* Preview Assets.xcassets in Resources */,
				227E4F812593E9FC001DF34F /* Assets.xcassets in Resources */,
			);
			runOnlyForDeploymentPostprocessing = 0;
		};
		227E4F882593E9FC001DF34F /* Resources */ = {
			isa = PBXResourcesBuildPhase;
			buildActionMask = 2147483647;
			files = (
			);
			runOnlyForDeploymentPostprocessing = 0;
		};
		227E4F932593E9FC001DF34F /* Resources */ = {
			isa = PBXResourcesBuildPhase;
			buildActionMask = 2147483647;
			files = (
			);
			runOnlyForDeploymentPostprocessing = 0;
		};
/* End PBXResourcesBuildPhase section */

/* Begin PBXSourcesBuildPhase section */
		227E4F752593E9FB001DF34F /* Sources */ = {
			isa = PBXSourcesBuildPhase;
			buildActionMask = 2147483647;
			files = (
				227E4F7F2593E9FB001DF34F /* ContentView.swift in Sources */,
				227E4F7D2593E9FB001DF34F /* CalculatorApp.swift in Sources */,
				220429852594BA7400E68C3C /* EingabeTasten.swift in Sources */,
			);
			runOnlyForDeploymentPostprocessing = 0;
		};
		227E4F862593E9FC001DF34F /* Sources */ = {
			isa = PBXSourcesBuildPhase;
			buildActionMask = 2147483647;
			files = (
				227E4F8F2593E9FC001DF34F /* CalculatorTests.swift in Sources */,
			);
			runOnlyForDeploymentPostprocessing = 0;
		};
		227E4F912593E9FC001DF34F /* Sources */ = {
			isa = PBXSourcesBuildPhase;
			buildActionMask = 2147483647;
			files = (
				227E4F9A2593E9FC001DF34F /* CalculatorUITests.swift in Sources */,
			);
			runOnlyForDeploymentPostprocessing = 0;
		};
/* End PBXSourcesBuildPhase section */

/* Begin PBXTargetDependency section */
		227E4F8C2593E9FC001DF34F /* PBXTargetDependency */ = {
			isa = PBXTargetDependency;
			target = 227E4F782593E9FB001DF34F /* Calculator */;
			targetProxy = 227E4F8B2593E9FC001DF34F /* PBXContainerItemProxy */;
		};
		227E4F972593E9FC001DF34F /* PBXTargetDependency */ = {
			isa = PBXTargetDependency;
			target = 227E4F782593E9FB001DF34F /* Calculator */;
			targetProxy = 227E4F962593E9FC001DF34F /* PBXContainerItemProxy */;
		};
/* End PBXTargetDependency section */

/* Begin XCBuildConfiguration section */
		227E4F9C2593E9FC001DF34F /* Debug */ = {
			isa = XCBuildConfiguration;
			buildSettings = {
				ALWAYS_SEARCH_USER_PATHS = NO;
				CLANG_ANALYZER_NONNULL = YES;
				CLANG_ANALYZER_NUMBER_OBJECT_CONVERSION = YES_AGGRESSIVE;
				CLANG_CXX_LANGUAGE_STANDARD = "gnu++14";
				CLANG_CXX_LIBRARY = "libc++";
				CLANG_ENABLE_MODULES = YES;
				CLANG_ENABLE_OBJC_ARC = YES;
				CLANG_ENABLE_OBJC_WEAK = YES;
				CLANG_WARN_BLOCK_CAPTURE_AUTORELEASING = YES;
				CLANG_WARN_BOOL_CONVERSION = YES;
				CLANG_WARN_COMMA = YES;
				CLANG_WARN_CONSTANT_CONVERSION = YES;
				CLANG_WARN_DEPRECATED_OBJC_IMPLEMENTATIONS = YES;
				CLANG_WARN_DIRECT_OBJC_ISA_USAGE = YES_ERROR;
				CLANG_WARN_DOCUMENTATION_COMMENTS = YES;
				CLANG_WARN_EMPTY_BODY = YES;
				CLANG_WARN_ENUM_CONVERSION = YES;
				CLANG_WARN_INFINITE_RECURSION = YES;
				CLANG_WARN_INT_CONVERSION = YES;
				CLANG_WARN_NON_LITERAL_NULL_CONVERSION = YES;
				CLANG_WARN_OBJC_IMPLICIT_RETAIN_SELF = YES;
				CLANG_WARN_OBJC_LITERAL_CONVERSION = YES;
				CLANG_WARN_OBJC_ROOT_CLASS = YES_ERROR;
				CLANG_WARN_QUOTED_INCLUDE_IN_FRAMEWORK_HEADER = YES;
				CLANG_WARN_RANGE_LOOP_ANALYSIS = YES;
				CLANG_WARN_STRICT_PROTOTYPES = YES;
				CLANG_WARN_SUSPICIOUS_MOVE = YES;
				CLANG_WARN_UNGUARDED_AVAILABILITY = YES_AGGRESSIVE;
				CLANG_WARN_UNREACHABLE_CODE = YES;
				CLANG_WARN__DUPLICATE_METHOD_MATCH = YES;
				COPY_PHASE_STRIP = NO;
				DEBUG_INFORMATION_FORMAT = dwarf;
				ENABLE_STRICT_OBJC_MSGSEND = YES;
				ENABLE_TESTABILITY = YES;
				GCC_C_LANGUAGE_STANDARD = gnu11;
				GCC_DYNAMIC_NO_PIC = NO;
				GCC_NO_COMMON_BLOCKS = YES;
				GCC_OPTIMIZATION_LEVEL = 0;
				GCC_PREPROCESSOR_DEFINITIONS = (
					"DEBUG=1",
					"$(inherited)",
				);
				GCC_WARN_64_TO_32_BIT_CONVERSION = YES;
				GCC_WARN_ABOUT_RETURN_TYPE = YES_ERROR;
				GCC_WARN_UNDECLARED_SELECTOR = YES;
				GCC_WARN_UNINITIALIZED_AUTOS = YES_AGGRESSIVE;
				GCC_WARN_UNUSED_FUNCTION = YES;
				GCC_WARN_UNUSED_VARIABLE = YES;
				IPHONEOS_DEPLOYMENT_TARGET = 14.3;
				MTL_ENABLE_DEBUG_INFO = INCLUDE_SOURCE;
				MTL_FAST_MATH = YES;
				ONLY_ACTIVE_ARCH = YES;
				SDKROOT = iphoneos;
				SWIFT_ACTIVE_COMPILATION_CONDITIONS = DEBUG;
				SWIFT_OPTIMIZATION_LEVEL = "-Onone";
			};
			name = Debug;
		};
		227E4F9D2593E9FC001DF34F /* Release */ = {
			isa = XCBuildConfiguration;
			buildSettings = {
				ALWAYS_SEARCH_USER_PATHS = NO;
				CLANG_ANALYZER_NONNULL = YES;
				CLANG_ANALYZER_NUMBER_OBJECT_CONVERSION = YES_AGGRESSIVE;
				CLANG_CXX_LANGUAGE_STANDARD = "gnu++14";
				CLANG_CXX_LIBRARY = "libc++";
				CLANG_ENABLE_MODULES = YES;
				CLANG_ENABLE_OBJC_ARC = YES;
				CLANG_ENABLE_OBJC_WEAK = YES;
				CLANG_WARN_BLOCK_CAPTURE_AUTORELEASING = YES;
				CLANG_WARN_BOOL_CONVERSION = YES;
				CLANG_WARN_COMMA = YES;
				CLANG_WARN_CONSTANT_CONVERSION = YES;
				CLANG_WARN_DEPRECATED_OBJC_IMPLEMENTATIONS = YES;
				CLANG_WARN_DIRECT_OBJC_ISA_USAGE = YES_ERROR;
				CLANG_WARN_DOCUMENTATION_COMMENTS = YES;
				CLANG_WARN_EMPTY_BODY = YES;
				CLANG_WARN_ENUM_CONVERSION = YES;
				CLANG_WARN_INFINITE_RECURSION = YES;
				CLANG_WARN_INT_CONVERSION = YES;
				CLANG_WARN_NON_LITERAL_NULL_CONVERSION = YES;
				CLANG_WARN_OBJC_IMPLICIT_RETAIN_SELF = YES;
				CLANG_WARN_OBJC_LITERAL_CONVERSION = YES;
				CLANG_WARN_OBJC_ROOT_CLASS = YES_ERROR;
				CLANG_WARN_QUOTED_INCLUDE_IN_FRAMEWORK_HEADER = YES;
				CLANG_WARN_RANGE_LOOP_ANALYSIS = YES;
				CLANG_WARN_STRICT_PROTOTYPES = YES;
				CLANG_WARN_SUSPICIOUS_MOVE = YES;
				CLANG_WARN_UNGUARDED_AVAILABILITY = YES_AGGRESSIVE;
				CLANG_WARN_UNREACHABLE_CODE = YES;
				CLANG_WARN__DUPLICATE_METHOD_MATCH = YES;
				COPY_PHASE_STRIP = NO;
				DEBUG_INFORMATION_FORMAT = "dwarf-with-dsym";
				ENABLE_NS_ASSERTIONS = NO;
				ENABLE_STRICT_OBJC_MSGSEND = YES;
				GCC_C_LANGUAGE_STANDARD = gnu11;
				GCC_NO_COMMON_BLOCKS = YES;
				GCC_WARN_64_TO_32_BIT_CONVERSION = YES;
				GCC_WARN_ABOUT_RETURN_TYPE = YES_ERROR;
				GCC_WARN_UNDECLARED_SELECTOR = YES;
				GCC_WARN_UNINITIALIZED_AUTOS = YES_AGGRESSIVE;
				GCC_WARN_UNUSED_FUNCTION = YES;
				GCC_WARN_UNUSED_VARIABLE = YES;
				IPHONEOS_DEPLOYMENT_TARGET = 14.3;
				MTL_ENABLE_DEBUG_INFO = NO;
				MTL_FAST_MATH = YES;
				SDKROOT = iphoneos;
				SWIFT_COMPILATION_MODE = wholemodule;
				SWIFT_OPTIMIZATION_LEVEL = "-O";
				VALIDATE_PRODUCT = YES;
			};
			name = Release;
		};
		227E4F9F2593E9FC001DF34F /* Debug */ = {
			isa = XCBuildConfiguration;
			buildSettings = {
				ASSETCATALOG_COMPILER_APPICON_NAME = AppIcon;
				ASSETCATALOG_COMPILER_GLOBAL_ACCENT_COLOR_NAME = AccentColor;
				CODE_SIGN_IDENTITY = "Apple Development";
				CODE_SIGN_STYLE = Automatic;
				DEVELOPMENT_ASSET_PATHS = "\"Calculator/Preview Content\"";
				DEVELOPMENT_TEAM = LD74NGNQH9;
				ENABLE_PREVIEWS = YES;
				INFOPLIST_FILE = Calculator/Info.plist;
				IPHONEOS_DEPLOYMENT_TARGET = 14.0;
				LD_RUNPATH_SEARCH_PATHS = (
					"$(inherited)",
					"@executable_path/Frameworks",
				);
				PRODUCT_BUNDLE_IDENTIFIER = "Dominic-Huber.Calculator";
				PRODUCT_NAME = "$(TARGET_NAME)";
				SWIFT_VERSION = 5.0;
				TARGETED_DEVICE_FAMILY = "1,2";
			};
			name = Debug;
		};
		227E4FA02593E9FC001DF34F /* Release */ = {
			isa = XCBuildConfiguration;
			buildSettings = {
				ASSETCATALOG_COMPILER_APPICON_NAME = AppIcon;
				ASSETCATALOG_COMPILER_GLOBAL_ACCENT_COLOR_NAME = AccentColor;
				CODE_SIGN_IDENTITY = "Apple Development";
				CODE_SIGN_STYLE = Automatic;
				DEVELOPMENT_ASSET_PATHS = "\"Calculator/Preview Content\"";
				DEVELOPMENT_TEAM = LD74NGNQH9;
				ENABLE_PREVIEWS = YES;
				INFOPLIST_FILE = Calculator/Info.plist;
				IPHONEOS_DEPLOYMENT_TARGET = 14.0;
				LD_RUNPATH_SEARCH_PATHS = (
					"$(inherited)",
					"@executable_path/Frameworks",
				);
				PRODUCT_BUNDLE_IDENTIFIER = "Dominic-Huber.Calculator";
				PRODUCT_NAME = "$(TARGET_NAME)";
				SWIFT_VERSION = 5.0;
				TARGETED_DEVICE_FAMILY = "1,2";
			};
			name = Release;
		};
		227E4FA22593E9FC001DF34F /* Debug */ = {
			isa = XCBuildConfiguration;
			buildSettings = {
				ALWAYS_EMBED_SWIFT_STANDARD_LIBRARIES = YES;
				BUNDLE_LOADER = "$(TEST_HOST)";
				CODE_SIGN_STYLE = Automatic;
				INFOPLIST_FILE = CalculatorTests/Info.plist;
				IPHONEOS_DEPLOYMENT_TARGET = 14.0;
				LD_RUNPATH_SEARCH_PATHS = (
					"$(inherited)",
					"@executable_path/Frameworks",
					"@loader_path/Frameworks",
				);
				PRODUCT_BUNDLE_IDENTIFIER = "Dominic-Huber.CalculatorTests";
				PRODUCT_NAME = "$(TARGET_NAME)";
				SWIFT_VERSION = 5.0;
				TARGETED_DEVICE_FAMILY = "1,2";
				TEST_HOST = "$(BUILT_PRODUCTS_DIR)/Calculator.app/Calculator";
			};
			name = Debug;
		};
		227E4FA32593E9FC001DF34F /* Release */ = {
			isa = XCBuildConfiguration;
			buildSettings = {
				ALWAYS_EMBED_SWIFT_STANDARD_LIBRARIES = YES;
				BUNDLE_LOADER = "$(TEST_HOST)";
				CODE_SIGN_STYLE = Automatic;
				INFOPLIST_FILE = CalculatorTests/Info.plist;
				IPHONEOS_DEPLOYMENT_TARGET = 14.0;
				LD_RUNPATH_SEARCH_PATHS = (
					"$(inherited)",
					"@executable_path/Frameworks",
					"@loader_path/Frameworks",
				);
				PRODUCT_BUNDLE_IDENTIFIER = "Dominic-Huber.CalculatorTests";
				PRODUCT_NAME = "$(TARGET_NAME)";
				SWIFT_VERSION = 5.0;
				TARGETED_DEVICE_FAMILY = "1,2";
				TEST_HOST = "$(BUILT_PRODUCTS_DIR)/Calculator.app/Calculator";
			};
			name = Release;
		};
		227E4FA52593E9FC001DF34F /* Debug */ = {
			isa = XCBuildConfiguration;
			buildSettings = {
				ALWAYS_EMBED_SWIFT_STANDARD_LIBRARIES = YES;
				CODE_SIGN_STYLE = Automatic;
				INFOPLIST_FILE = CalculatorUITests/Info.plist;
				LD_RUNPATH_SEARCH_PATHS = (
					"$(inherited)",
					"@executable_path/Frameworks",
					"@loader_path/Frameworks",
				);
				PRODUCT_BUNDLE_IDENTIFIER = "Dominic-Huber.CalculatorUITests";
				PRODUCT_NAME = "$(TARGET_NAME)";
				SWIFT_VERSION = 5.0;
				TARGETED_DEVICE_FAMILY = "1,2";
				TEST_TARGET_NAME = Calculator;
			};
			name = Debug;
		};
		227E4FA62593E9FC001DF34F /* Release */ = {
			isa = XCBuildConfiguration;
			buildSettings = {
				ALWAYS_EMBED_SWIFT_STANDARD_LIBRARIES = YES;
				CODE_SIGN_STYLE = Automatic;
				INFOPLIST_FILE = CalculatorUITests/Info.plist;
				LD_RUNPATH_SEARCH_PATHS = (
					"$(inherited)",
					"@executable_path/Frameworks",
					"@loader_path/Frameworks",
				);
				PRODUCT_BUNDLE_IDENTIFIER = "Dominic-Huber.CalculatorUITests";
				PRODUCT_NAME = "$(TARGET_NAME)";
				SWIFT_VERSION = 5.0;
				TARGETED_DEVICE_FAMILY = "1,2";
				TEST_TARGET_NAME = Calculator;
			};
			name = Release;
		};
/* End XCBuildConfiguration section */

/* Begin XCConfigurationList section */
		227E4F742593E9FB001DF34F /* Build configuration list for PBXProject "Calculator" */ = {
			isa = XCConfigurationList;
			buildConfigurations = (
				227E4F9C2593E9FC001DF34F /* Debug */,
				227E4F9D2593E9FC001DF34F /* Release */,
			);
			defaultConfigurationIsVisible = 0;
			defaultConfigurationName = Release;
		};
		227E4F9E2593E9FC001DF34F /* Build configuration list for PBXNativeTarget "Calculator" */ = {
			isa = XCConfigurationList;
			buildConfigurations = (
				227E4F9F2593E9FC001DF34F /* Debug */,
				227E4FA02593E9FC001DF34F /* Release */,
			);
			defaultConfigurationIsVisible = 0;
			defaultConfigurationName = Release;
		};
		227E4FA12593E9FC001DF34F /* Build configuration list for PBXNativeTarget "CalculatorTests" */ = {
			isa = XCConfigurationList;
			buildConfigurations = (
				227E4FA22593E9FC001DF34F /* Debug */,
				227E4FA32593E9FC001DF34F /* Release */,
			);
			defaultConfigurationIsVisible = 0;
			defaultConfigurationName = Release;
		};
		227E4FA42593E9FC001DF34F /* Build configuration list for PBXNativeTarget "CalculatorUITests" */ = {
			isa = XCConfigurationList;
			buildConfigurations = (
				227E4FA52593E9FC001DF34F /* Debug */,
				227E4FA62593E9FC001DF34F /* Release */,
			);
			defaultConfigurationIsVisible = 0;
			defaultConfigurationName = Release;
		};
/* End XCConfigurationList section */
	};
	rootObject = 227E4F712593E9FB001DF34F /* Project object */;
}
